
Microsoft Visual Studio Solution File, Format Version 12.00
Project("{FAE04EC0-301F-11D3-BF4B-00C04F79EFBC}") = "TestSaberInteractive", "TestSaberInteractive\TestSaberInteractive.csproj", "{546D77D8-AC35-4315-B323-077B717E8296}"
EndProject
Global
	GlobalSection(SolutionConfigurationPlatforms) = preSolution
		Debug|Any CPU = Debug|Any CPU
		Release|Any CPU = Release|Any CPU
	EndGlobalSection
	GlobalSection(ProjectConfigurationPlatforms) = postSolution
		{546D77D8-AC35-4315-B323-077B717E8296}.Debug|Any CPU.ActiveCfg = Debug|Any CPU
		{546D77D8-AC35-4315-B323-077B717E8296}.Debug|Any CPU.Build.0 = Debug|Any CPU
		{546D77D8-AC35-4315-B323-077B717E8296}.Release|Any CPU.ActiveCfg = Release|Any CPU
		{546D77D8-AC35-4315-B323-077B717E8296}.Release|Any CPU.Build.0 = Release|Any CPU
	EndGlobalSection
EndGlobal
